
Microsoft Visual Studio Solution File, Format Version 12.00
# Visual Studio 15
VisualStudioVersion = 15.0.26430.6
MinimumVisualStudioVersion = 10.0.40219.1
Project("{E24C65DC-7377-472B-9ABA-BC803B73C61A}") = "WebFrontEnd", "WebFrontEnd\", "{0BE42B70-A924-4231-B155-A0D8428D8A00}"
	ProjectSection(WebsiteProperties) = preProject
		TargetFrameworkMoniker = ".NETFramework,Version%3Dv4.5.2"
		Debug.AspNetCompiler.VirtualPath = "/localhost_57497"
		Debug.AspNetCompiler.PhysicalPath = "WebFrontEnd\"
		Debug.AspNetCompiler.TargetPath = "PrecompiledWeb\localhost_57497\"
		Debug.AspNetCompiler.Updateable = "true"
		Debug.AspNetCompiler.ForceOverwrite = "true"
		Debug.AspNetCompiler.FixedNames = "false"
		Debug.AspNetCompiler.Debug = "True"
		Release.AspNetCompiler.VirtualPath = "/localhost_57497"
		Release.AspNetCompiler.PhysicalPath = "WebFrontEnd\"
		Release.AspNetCompiler.TargetPath = "PrecompiledWeb\localhost_57497\"
		Release.AspNetCompiler.Updateable = "true"
		Release.AspNetCompiler.ForceOverwrite = "true"
		Release.AspNetCompiler.FixedNames = "false"
		Release.AspNetCompiler.Debug = "False"
		VWDPort = "57497"
		SlnRelativePath = "WebFrontEnd\"
		DefaultWebSiteLanguage = "Visual C#"
	EndProjectSection
EndProject
Project("{FAE04EC0-301F-11D3-BF4B-00C04F79EFBC}") = "WebAPIService", "WebAPIService\WebAPIService.csproj", "{A84532EF-13EC-4046-B7C0-54A544EFBCEA}"
EndProject
Global
	GlobalSection(SolutionConfigurationPlatforms) = preSolution
		Debug|Any CPU = Debug|Any CPU
		Release|Any CPU = Release|Any CPU
	EndGlobalSection
	GlobalSection(ProjectConfigurationPlatforms) = postSolution
		{0BE42B70-A924-4231-B155-A0D8428D8A00}.Debug|Any CPU.ActiveCfg = Debug|Any CPU
		{0BE42B70-A924-4231-B155-A0D8428D8A00}.Debug|Any CPU.Build.0 = Debug|Any CPU
		{0BE42B70-A924-4231-B155-A0D8428D8A00}.Release|Any CPU.ActiveCfg = Debug|Any CPU
		{0BE42B70-A924-4231-B155-A0D8428D8A00}.Release|Any CPU.Build.0 = Debug|Any CPU
		{A84532EF-13EC-4046-B7C0-54A544EFBCEA}.Debug|Any CPU.ActiveCfg = Debug|Any CPU
		{A84532EF-13EC-4046-B7C0-54A544EFBCEA}.Debug|Any CPU.Build.0 = Debug|Any CPU
		{A84532EF-13EC-4046-B7C0-54A544EFBCEA}.Release|Any CPU.ActiveCfg = Release|Any CPU
		{A84532EF-13EC-4046-B7C0-54A544EFBCEA}.Release|Any CPU.Build.0 = Release|Any CPU
	EndGlobalSection
	GlobalSection(SolutionProperties) = preSolution
		HideSolutionNode = FALSE
	EndGlobalSection
EndGlobal
